<?xml version="1.0" encoding="utf-8"?>
<Project ToolsVersion="4.0" xmlns="http://schemas.microsoft.com/developer/msbuild/2003">
  <ItemGroup>
    <MASM Include="P0_check.asm" />
    <MASM Include="P1_mov.asm" />
    <MASM Include="P2_mov_parte2.asm" />
    <MASM Include="P3_mov_parte3.asm" />
    <MASM Include="P4_mov_parte4.asm" />
    <MASM Include="P5_add.asm" />
    <MASM Include="P6_ADD_parte2.asm" />
    <MASM Include="P7_sub.asm" />
    <MASM Include="P8_mult.asm" />
    <MASM Include="P9_mul_parte2.asm" />
    <MASM Include="P10_mult_parte3.asm" />
    <MASM Include="P11_DIV.asm" />
    <MASM Include="P12_DIV_parte2.asm" />
    <MASM Include="P13_DIV_parte3.asm" />
    <MASM Include="P14_InspresionTexto.asm" />
    <MASM Include="P15_impresion_num.asm" />
    <MASM Include="P16_lectura_numero.asm" />
    <MASM Include="P17_Promedio3Num.asm" />
    <MASM Include="P18_raizCuadrada.asm" />
    <MASM Include="P19_Intercambio_valores.asm" />
    <MASM Include="P20_saltosIncondicionales.asm" />
    <MASM Include="P22_saltosIncondiconalesP2.asm" />
    <MASM Include="P21_condicional_p1.asm" />
    <MASM Include="P23_SaltoCondicional_P3.asm" />
    <MASM Include="P24_SaltoCondicionales_Ej.asm" />
    <MASM Include="P25_SaltoCond_Ejemplo.asm" />
    <MASM Include="P26_SaltosComoCiclos.asm" />
    <MASM Include="P27_Ciclos_Parte2.asm" />
    <MASM Include="P28_CicloEjemplo.asm" />
    <MASM Include="P29_TablaMultiplicar.asm" />
    <MASM Include="P30_LOOP_.asm" />
    <MASM Include="P31_loopPares.asm" />
    <MASM Include="P10_ciclos_anidados.asm" />
  </ItemGroup>
  <ItemGroup>
    <Object Include="..\..\..\..\..\..\Irvine\Lib32\Irvine32_Library\Irvine32.obj" />
  </ItemGroup>
</Project>